{
    "_readme": [
        "This file locks the dependencies of your project to a known state",
        "Read more about it at http://getcomposer.org/doc/01-basic-usage.md#composer-lock-the-lock-file"
    ],
    "hash": "e8f9e944c1206aa358d28d5367d02edb",
    "packages": [
        {
            "name": "danielstjules/stringy",
            "version": "1.4.0",
            "source": {
                "type": "git",
                "url": "https://github.com/danielstjules/Stringy.git",
                "reference": "b990df3c6136509775e03a1f58cb658c5b11b682"
            },
            "dist": {
                "type": "zip",
                "url": "https://api.github.com/repos/danielstjules/Stringy/zipball/b990df3c6136509775e03a1f58cb658c5b11b682",
                "reference": "b990df3c6136509775e03a1f58cb658c5b11b682",
                "shasum": ""
            },
            "require": {
                "php": ">=5.3.0"
            },
            "type": "library",
            "autoload": {
                "psr-4": {
                    "Stringy\\": "src/"
                }
            },
            "notification-url": "https://packagist.org/downloads/",
            "license": [
                "MIT"
            ],
            "authors": [
                {
                    "name": "Daniel St. Jules",
                    "email": "danielst.jules@gmail.com",
                    "homepage": "http://www.danielstjules.com"
                }
            ],
            "description": "A string manipulation library with multibyte support",
            "homepage": "https://github.com/danielstjules/Stringy",
            "keywords": [
                "UTF",
                "helpers",
                "manipulation",
                "methods",
                "multibyte",
                "string",
                "utf-8",
                "utility",
                "utils"
            ],
            "time": "2014-02-13 00:26:15"
        },
        {
            "name": "mjohnson/decoda",
            "version": "6.4.2",
            "source": {
                "type": "git",
                "url": "https://github.com/milesj/decoda.git",
                "reference": "4f309e6b8634fa8c2c5b1b6db158b03c9973fe10"
            },
            "dist": {
                "type": "zip",
                "url": "https://api.github.com/repos/milesj/decoda/zipball/4f309e6b8634fa8c2c5b1b6db158b03c9973fe10",
                "reference": "4f309e6b8634fa8c2c5b1b6db158b03c9973fe10",
                "shasum": ""
            },
            "require": {
                "ext-mbstring": "*",
                "php": ">=5.3.0"
            },
            "type": "library",
            "autoload": {
                "psr-0": {
                    "Decoda": "src/"
                }
            },
            "notification-url": "https://packagist.org/downloads/",
            "license": [
                "MIT"
            ],
            "authors": [
                {
                    "name": "Miles Johnson",
                    "homepage": "http://milesj.me"
                }
            ],
            "description": "A lightweight lexical string parser for BBCode styled markup.",
            "homepage": "http://milesj.me/code/php/decoda",
            "keywords": [
                "HOOK",
                "bbcode",
                "decoda",
                "filter",
                "markup",
                "parser"
            ],
            "time": "2014-02-16 04:09:12"
        },
        {
            "name": "phpcollection/phpcollection",
            "version": "0.3.1",
            "source": {
                "type": "git",
                "url": "https://github.com/schmittjoh/php-collection.git",
                "reference": "dbec93115a5ff149b476ee2d4ede3880239a3d77"
            },
            "dist": {
                "type": "zip",
                "url": "https://api.github.com/repos/schmittjoh/php-collection/zipball/dbec93115a5ff149b476ee2d4ede3880239a3d77",
                "reference": "dbec93115a5ff149b476ee2d4ede3880239a3d77",
                "shasum": ""
            },
            "require": {
                "phpoption/phpoption": "1.*"
            },
            "type": "library",
            "extra": {
                "branch-alias": {
                    "dev-master": "0.2-dev"
                }
            },
            "autoload": {
                "psr-0": {
                    "PhpCollection": "src/"
                }
            },
            "notification-url": "https://packagist.org/downloads/",
            "license": [
                "Apache2"
            ],
            "authors": [
                {
                    "name": "Johannes M. Schmitt",
                    "email": "schmittjoh@gmail.com",
                    "homepage": "http://jmsyst.com",
                    "role": "Developer of wrapped JMSSerializerBundle"
                }
            ],
            "description": "General-Purpose Collection Library for PHP",
            "keywords": [
                "collection",
                "list",
                "map",
                "sequence",
                "set"
            ],
            "time": "2013-12-13 09:27:51"
        },
        {
            "name": "phpoption/phpoption",
            "version": "1.4.0",
            "source": {
                "type": "git",
                "url": "https://github.com/schmittjoh/php-option.git",
                "reference": "5d099bcf0393908bf4ad69cc47dafb785d51f7f5"
            },
            "dist": {
                "type": "zip",
                "url": "https://api.github.com/repos/schmittjoh/php-option/zipball/5d099bcf0393908bf4ad69cc47dafb785d51f7f5",
                "reference": "5d099bcf0393908bf4ad69cc47dafb785d51f7f5",
                "shasum": ""
            },
            "require": {
                "php": ">=5.3.0"
            },
            "type": "library",
            "extra": {
                "branch-alias": {
                    "dev-master": "1.3-dev"
                }
            },
            "autoload": {
                "psr-0": {
                    "PhpOption\\": "src/"
                }
            },
            "notification-url": "https://packagist.org/downloads/",
            "license": [
                "Apache2"
            ],
            "authors": [
                {
                    "name": "Johannes M. Schmitt",
                    "email": "schmittjoh@gmail.com",
                    "homepage": "http://jmsyst.com",
                    "role": "Developer of wrapped JMSSerializerBundle"
                }
            ],
            "description": "Option Type for PHP",
            "keywords": [
                "language",
                "option",
                "php",
                "type"
            ],
            "time": "2014-01-09 22:37:17"
        },
        {
            "name": "symfony/config",
            "version": "v2.4.2",
            "target-dir": "Symfony/Component/Config",
            "source": {
                "type": "git",
                "url": "https://github.com/symfony/Config.git",
                "reference": "d81bd01eac1514c10dcb3b11eaa9048d6b87dd1f"
            },
            "dist": {
                "type": "zip",
                "url": "https://api.github.com/repos/symfony/Config/zipball/d81bd01eac1514c10dcb3b11eaa9048d6b87dd1f",
                "reference": "d81bd01eac1514c10dcb3b11eaa9048d6b87dd1f",
                "shasum": ""
            },
            "require": {
                "php": ">=5.3.3",
                "symfony/filesystem": "~2.3"
            },
            "type": "library",
            "extra": {
                "branch-alias": {
                    "dev-master": "2.4-dev"
                }
            },
            "autoload": {
                "psr-0": {
                    "Symfony\\Component\\Config\\": ""
                }
            },
            "notification-url": "https://packagist.org/downloads/",
            "license": [
                "MIT"
            ],
            "authors": [
                {
                    "name": "Fabien Potencier",
                    "email": "fabien@symfony.com",
                    "homepage": "http://fabien.potencier.org",
                    "role": "Lead Developer"
                },
                {
                    "name": "Symfony Community",
                    "homepage": "http://symfony.com/contributors"
                }
            ],
            "description": "Symfony Config Component",
            "homepage": "http://symfony.com",
            "time": "2014-01-07 13:28:54"
        },
        {
            "name": "symfony/dependency-injection",
            "version": "v2.4.2",
            "target-dir": "Symfony/Component/DependencyInjection",
            "source": {
                "type": "git",
                "url": "https://github.com/symfony/DependencyInjection.git",
                "reference": "dde921399691bdb3b32a3c2557dcb2054db7593a"
            },
            "dist": {
                "type": "zip",
                "url": "https://api.github.com/repos/symfony/DependencyInjection/zipball/dde921399691bdb3b32a3c2557dcb2054db7593a",
                "reference": "dde921399691bdb3b32a3c2557dcb2054db7593a",
                "shasum": ""
            },
            "require": {
                "php": ">=5.3.3"
            },
            "require-dev": {
                "symfony/config": "~2.2",
                "symfony/expression-language": "~2.4",
                "symfony/yaml": "~2.0"
            },
            "suggest": {
                "symfony/config": "",
                "symfony/proxy-manager-bridge": "Generate service proxies to lazy load them",
                "symfony/yaml": ""
            },
            "type": "library",
            "extra": {
                "branch-alias": {
                    "dev-master": "2.4-dev"
                }
            },
            "autoload": {
                "psr-0": {
                    "Symfony\\Component\\DependencyInjection\\": ""
                }
            },
            "notification-url": "https://packagist.org/downloads/",
            "license": [
                "MIT"
            ],
            "authors": [
                {
                    "name": "Fabien Potencier",
                    "email": "fabien@symfony.com",
                    "homepage": "http://fabien.potencier.org",
                    "role": "Lead Developer"
                },
                {
                    "name": "Symfony Community",
                    "homepage": "http://symfony.com/contributors"
                }
            ],
            "description": "Symfony DependencyInjection Component",
            "homepage": "http://symfony.com",
            "time": "2014-02-11 13:52:09"
        },
        {
            "name": "symfony/filesystem",
            "version": "v2.4.2",
            "target-dir": "Symfony/Component/Filesystem",
            "source": {
                "type": "git",
                "url": "https://github.com/symfony/Filesystem.git",
                "reference": "7e65abb06d3b38f4be89266fe3fb4a759544e713"
            },
            "dist": {
                "type": "zip",
                "url": "https://api.github.com/repos/symfony/Filesystem/zipball/7e65abb06d3b38f4be89266fe3fb4a759544e713",
                "reference": "7e65abb06d3b38f4be89266fe3fb4a759544e713",
                "shasum": ""
            },
            "require": {
                "php": ">=5.3.3"
            },
            "type": "library",
            "extra": {
                "branch-alias": {
                    "dev-master": "2.4-dev"
                }
            },
            "autoload": {
                "psr-0": {
                    "Symfony\\Component\\Filesystem\\": ""
                }
            },
            "notification-url": "https://packagist.org/downloads/",
            "license": [
                "MIT"
            ],
            "authors": [
                {
                    "name": "Fabien Potencier",
                    "email": "fabien@symfony.com",
                    "homepage": "http://fabien.potencier.org",
                    "role": "Lead Developer"
                },
                {
                    "name": "Symfony Community",
                    "homepage": "http://symfony.com/contributors"
                }
            ],
            "description": "Symfony Filesystem Component",
            "homepage": "http://symfony.com",
            "time": "2014-01-07 13:28:54"
        },
        {
            "name": "symfony/yaml",
            "version": "v2.4.2",
            "target-dir": "Symfony/Component/Yaml",
            "source": {
                "type": "git",
                "url": "https://github.com/symfony/Yaml.git",
                "reference": "bb6ddaf8956139d1b8c360b4b713ed0138e876b3"
            },
            "dist": {
                "type": "zip",
                "url": "https://api.github.com/repos/symfony/Yaml/zipball/bb6ddaf8956139d1b8c360b4b713ed0138e876b3",
                "reference": "bb6ddaf8956139d1b8c360b4b713ed0138e876b3",
                "shasum": ""
            },
            "require": {
                "php": ">=5.3.3"
            },
            "type": "library",
            "extra": {
                "branch-alias": {
                    "dev-master": "2.4-dev"
                }
            },
            "autoload": {
                "psr-0": {
                    "Symfony\\Component\\Yaml\\": ""
                }
            },
            "notification-url": "https://packagist.org/downloads/",
            "license": [
                "MIT"
            ],
            "authors": [
                {
                    "name": "Fabien Potencier",
                    "email": "fabien@symfony.com",
                    "homepage": "http://fabien.potencier.org",
                    "role": "Lead Developer"
                },
                {
                    "name": "Symfony Community",
                    "homepage": "http://symfony.com/contributors"
                }
            ],
            "description": "Symfony Yaml Component",
            "homepage": "http://symfony.com",
            "time": "2014-01-07 13:28:54"
        },
        {
            "name": "thinframe/applications",
            "version": "v0.2.1",
            "source": {
                "type": "git",
                "url": "https://github.com/thinframe/applications.git",
                "reference": "a8885fcd095c36e538e21edfed3093d86c7f4b02"
            },
            "dist": {
                "type": "zip",
                "url": "https://api.github.com/repos/thinframe/applications/zipball/a8885fcd095c36e538e21edfed3093d86c7f4b02",
                "reference": "a8885fcd095c36e538e21edfed3093d86c7f4b02",
                "shasum": ""
            },
            "require": {
                "php": ">=5.4.0",
                "symfony/config": "@stable",
                "symfony/dependency-injection": "@stable",
                "symfony/yaml": "@stable",
                "thinframe/foundation": "@stable"
            },
            "type": "library",
            "autoload": {
                "psr-4": {
                    "ThinFrame\\Applications\\": "src/"
                }
            },
            "notification-url": "https://packagist.org/downloads/",
            "license": [
                "MIT"
            ],
            "authors": [
                {
                    "name": "Sorin Badea",
                    "email": "sorin.badea91@gmail.com",
                    "homepage": "http://sorinbadea.me",
                    "role": "Developer"
                }
            ],
            "description": "PHP applications ecosystem",
            "homepage": "http://thinframe.net",
            "keywords": [
                "Applications",
                "ecosystem",
                "thinframe"
            ],
            "time": "2014-01-26 18:37:39"
        },
        {
            "name": "thinframe/events",
            "version": "v0.2.1",
            "source": {
                "type": "git",
                "url": "https://github.com/thinframe/events.git",
                "reference": "098b9b25d3e520e2ae2e1f4a9b911f68349e1991"
            },
            "dist": {
                "type": "zip",
                "url": "https://api.github.com/repos/thinframe/events/zipball/098b9b25d3e520e2ae2e1f4a9b911f68349e1991",
                "reference": "098b9b25d3e520e2ae2e1f4a9b911f68349e1991",
                "shasum": ""
            },
            "require": {
                "php": ">=5.4.0",
                "thinframe/applications": "@stable",
                "thinframe/foundation": "@stable"
            },
            "require-dev": {
                "phpunit/phpunit": "@stable"
            },
            "type": "library",
            "extra": {
                "branch-alias": {
                    "dev-master": "0.2-dev"
                }
            },
            "autoload": {
                "psr-4": {
                    "ThinFrame\\Events\\": "src/"
                }
            },
            "notification-url": "https://packagist.org/downloads/",
            "license": [
                "MIT"
            ],
            "authors": [
                {
                    "name": "Sorin Badea",
                    "email": "sorin.badea91@gmail.com",
                    "homepage": "http://sorinbadea.me",
                    "role": "Developer"
                }
            ],
            "description": "Powerful events system.",
            "homepage": "http://thinframe.net",
            "keywords": [
                "events",
                "thinframe"
            ],
            "time": "2014-01-26 18:45:28"
        },
        {
            "name": "thinframe/foundation",
            "version": "dev-develop",
            "source": {
                "type": "git",
                "url": "https://github.com/thinframe/foundation.git",
                "reference": "c48b0c6e127b6ce0ffd65b4ee5d2e7eaa697ff58"
            },
            "dist": {
                "type": "zip",
                "url": "https://api.github.com/repos/thinframe/foundation/zipball/c48b0c6e127b6ce0ffd65b4ee5d2e7eaa697ff58",
                "reference": "c48b0c6e127b6ce0ffd65b4ee5d2e7eaa697ff58",
                "shasum": ""
            },
            "require": {
                "danielstjules/stringy": "@stable",
                "php": ">=5.4.0",
                "phpcollection/phpcollection": "@stable"
            },
            "require-dev": {
                "phpunit/phpunit": "@stable"
            },
            "type": "library",
            "extra": {
                "branch-alias": {
                    "dev-master": "0.2-dev",
                    "dev-develop": "0.3-dev"
                }
            },
            "autoload": {
                "psr-4": {
                    "ThinFrame\\Foundation\\": "src/"
                }
            },
            "notification-url": "https://packagist.org/downloads/",
            "license": [
                "MIT"
            ],
            "authors": [
                {
                    "name": "Sorin Badea",
                    "email": "sorin.badea91@gmail.com",
                    "homepage": "http://sorinbadea.me",
                    "role": "Developer"
                }
            ],
            "description": "A collection of classes that make the foundation of all ThinFrame components",
            "homepage": "http://thinframe.net",
            "keywords": [
                "foundation",
                "thinframe"
            ],
            "time": "2014-02-12 18:02:48"
        },
        {
            "name": "thinframe/pcntl",
            "version": "v0.2.1",
            "source": {
                "type": "git",
                "url": "https://github.com/thinframe/pcntl.git",
                "reference": "c487812cb701f64948c0d1fb4fea184d9b95539b"
            },
            "dist": {
                "type": "zip",
                "url": "https://api.github.com/repos/thinframe/pcntl/zipball/c487812cb701f64948c0d1fb4fea184d9b95539b",
                "reference": "c487812cb701f64948c0d1fb4fea184d9b95539b",
                "shasum": ""
            },
            "require": {
                "php": ">=5.4.0",
                "thinframe/events": "@stable",
                "thinframe/foundation": "@stable"
            },
            "type": "library",
            "extra": {
                "branch-alias": {
                    "dev-master": "0.2-dev"
                }
            },
            "autoload": {
                "psr-4": {
                    "ThinFrame\\Pcntl\\": "src/"
                }
            },
            "notification-url": "https://packagist.org/downloads/",
            "license": [
                "MIT"
            ],
            "authors": [
                {
                    "name": "Sorin Badea",
                    "email": "sorin.badea91@gmail.com",
                    "homepage": "http://sorinbadea.me",
                    "role": "Developer"
                }
            ],
            "homepage": "http://thinframe.net",
            "keywords": [
                "pcntl",
                "thinframe"
            ],
            "time": "2014-01-26 19:54:26"
        }
    ],
    "packages-dev": [

    ],
    "aliases": [

    ],
    "minimum-stability": "stable",
    "stability-flags": {
        "thinframe/foundation": 20
    },
    "platform": {
        "php": ">=5.4.0"
    },
    "platform-dev": [

    ]
}
